
Microsoft Visual Studio Solution File, Format Version 12.00
# Visual Studio Version 17
VisualStudioVersion = 17.3.32901.215
MinimumVisualStudioVersion = 10.0.40219.1
Project("{FAE04EC0-301F-11D3-BF4B-00C04F79EFBC}") = "Belge alma", "Belge alma\Belge alma.csproj", "{EA588E02-94C3-44EE-8EEA-4F3437E4660B}"
EndProject
Global
	GlobalSection(SolutionConfigurationPlatforms) = preSolution
		Debug|Any CPU = Debug|Any CPU
		Release|Any CPU = Release|Any CPU
	EndGlobalSection
	GlobalSection(ProjectConfigurationPlatforms) = postSolution
		{EA588E02-94C3-44EE-8EEA-4F3437E4660B}.Debug|Any CPU.ActiveCfg = Debug|Any CPU
		{EA588E02-94C3-44EE-8EEA-4F3437E4660B}.Debug|Any CPU.Build.0 = Debug|Any CPU
		{EA588E02-94C3-44EE-8EEA-4F3437E4660B}.Release|Any CPU.ActiveCfg = Release|Any CPU
		{EA588E02-94C3-44EE-8EEA-4F3437E4660B}.Release|Any CPU.Build.0 = Release|Any CPU
	EndGlobalSection
	GlobalSection(SolutionProperties) = preSolution
		HideSolutionNode = FALSE
	EndGlobalSection
	GlobalSection(ExtensibilityGlobals) = postSolution
		SolutionGuid = {8BA3ABB2-46DC-43D3-9455-A114C67B6F39}
	EndGlobalSection
EndGlobal
